
Microsoft Visual Studio Solution File, Format Version 12.00
# Visual Studio 15
VisualStudioVersion = 15.0.26730.10
MinimumVisualStudioVersion = 10.0.40219.1
Project("{8BC9CEB8-8B4A-11D0-8D11-00A0C91BC942}") = "ZyRen", "ZyRen\ZyRen.vcxproj", "{1847A233-AD0D-43E4-B08E-529B4C4CF921}"
EndProject
Global
	GlobalSection(SolutionConfigurationPlatforms) = preSolution
		Debug|x64 = Debug|x64
		Debug|x86 = Debug|x86
		Release|x64 = Release|x64
		Release|x86 = Release|x86
	EndGlobalSection
	GlobalSection(ProjectConfigurationPlatforms) = postSolution
		{1847A233-AD0D-43E4-B08E-529B4C4CF921}.Debug|x64.ActiveCfg = Debug|x64
		{1847A233-AD0D-43E4-B08E-529B4C4CF921}.Debug|x64.Build.0 = Debug|x64
		{1847A233-AD0D-43E4-B08E-529B4C4CF921}.Debug|x86.ActiveCfg = Debug|Win32
		{1847A233-AD0D-43E4-B08E-529B4C4CF921}.Debug|x86.Build.0 = Debug|Win32
		{1847A233-AD0D-43E4-B08E-529B4C4CF921}.Release|x64.ActiveCfg = Release|x64
		{1847A233-AD0D-43E4-B08E-529B4C4CF921}.Release|x64.Build.0 = Release|x64
		{1847A233-AD0D-43E4-B08E-529B4C4CF921}.Release|x86.ActiveCfg = Release|Win32
		{1847A233-AD0D-43E4-B08E-529B4C4CF921}.Release|x86.Build.0 = Release|Win32
	EndGlobalSection
	GlobalSection(SolutionProperties) = preSolution
		HideSolutionNode = FALSE
	EndGlobalSection
	GlobalSection(ExtensibilityGlobals) = postSolution
		SolutionGuid = {E3D852AA-C574-4B34-8D96-83291156E16F}
	EndGlobalSection
EndGlobal
